// !$*UTF8*$!
{
	archiveVersion = 1;
	classes = {
	};
	objectVersion = 56;
	objects = {

/* Begin PBXBuildFile section */
		E90EE3942BECD0BE00C800DE /* SimpleWalletApp.swift in Sources */ = {isa = PBXBuildFile; fileRef = E90EE3932BECD0BE00C800DE /* SimpleWalletApp.swift */; };
		E90EE3962BECD0BE00C800DE /* ContentView.swift in Sources */ = {isa = PBXBuildFile; fileRef = E90EE3952BECD0BE00C800DE /* ContentView.swift */; };
		E90EE3982BECD0C200C800DE /* Assets.xcassets in Resources */ = {isa = PBXBuildFile; fileRef = E90EE3972BECD0C200C800DE /* Assets.xcassets */; };
		E90EE39B2BECD0C200C800DE /* Preview Assets.xcassets in Resources */ = {isa = PBXBuildFile; fileRef = E90EE39A2BECD0C200C800DE /* Preview Assets.xcassets */; };
		E90EE3A62BECD1E600C800DE /* IntroScreen.swift in Sources */ = {isa = PBXBuildFile; fileRef = E90EE3A52BECD1E600C800DE /* IntroScreen.swift */; };
		E90EE3A92BECD3A000C800DE /* Constants.swift in Sources */ = {isa = PBXBuildFile; fileRef = E90EE3A82BECD3A000C800DE /* Constants.swift */; };
		E90EE3AB2BECD86C00C800DE /* Tab.swift in Sources */ = {isa = PBXBuildFile; fileRef = E90EE3AA2BECD86C00C800DE /* Tab.swift */; };
		E90EE3AD2BECF94B00C800DE /* Category.swift in Sources */ = {isa = PBXBuildFile; fileRef = E90EE3AC2BECF94B00C800DE /* Category.swift */; };
		E90EE3AF2BECF98000C800DE /* Transaction.swift in Sources */ = {isa = PBXBuildFile; fileRef = E90EE3AE2BECF98000C800DE /* Transaction.swift */; };
		E90EE3B12BECF9FF00C800DE /* TintColor.swift in Sources */ = {isa = PBXBuildFile; fileRef = E90EE3B02BECF9FF00C800DE /* TintColor.swift */; };
		E90EE3B42BECFBF500C800DE /* Home.swift in Sources */ = {isa = PBXBuildFile; fileRef = E90EE3B32BECFBF500C800DE /* Home.swift */; };
		E90EE3B62BECFC0100C800DE /* Transactions.swift in Sources */ = {isa = PBXBuildFile; fileRef = E90EE3B52BECFC0100C800DE /* Transactions.swift */; };
		E90EE3B92BECFC0F00C800DE /* Budgets.swift in Sources */ = {isa = PBXBuildFile; fileRef = E90EE3B82BECFC0F00C800DE /* Budgets.swift */; };
		E90EE3BC2BECFC1E00C800DE /* Settings.swift in Sources */ = {isa = PBXBuildFile; fileRef = E90EE3BB2BECFC1E00C800DE /* Settings.swift */; };
		E90EE3BE2BED003A00C800DE /* View+Extensions.swift in Sources */ = {isa = PBXBuildFile; fileRef = E90EE3BD2BED003A00C800DE /* View+Extensions.swift */; };
		E90EE3C02BED179400C800DE /* Date+Extensions.swift in Sources */ = {isa = PBXBuildFile; fileRef = E90EE3BF2BED179400C800DE /* Date+Extensions.swift */; };
		E90EE3C32BED19B500C800DE /* CardView.swift in Sources */ = {isa = PBXBuildFile; fileRef = E90EE3C22BED19B500C800DE /* CardView.swift */; };
		E90EE3CF2BEF535400C800DE /* TransactionCardView.swift in Sources */ = {isa = PBXBuildFile; fileRef = E90EE3CE2BEF535400C800DE /* TransactionCardView.swift */; };
		E90EE3D22BEF684A00C800DE /* SwipeAction.swift in Sources */ = {isa = PBXBuildFile; fileRef = E90EE3D12BEF684A00C800DE /* SwipeAction.swift */; };
		E90EE3D72BEFD0E200C800DE /* NewTransactionView.swift in Sources */ = {isa = PBXBuildFile; fileRef = E90EE3D62BEFD0E200C800DE /* NewTransactionView.swift */; };
		E90EE3D92BEFF4CC00C800DE /* FilterTransactionView.swift in Sources */ = {isa = PBXBuildFile; fileRef = E90EE3D82BEFF4CC00C800DE /* FilterTransactionView.swift */; };
		E90EE3DB2BF0006400C800DE /* User.swift in Sources */ = {isa = PBXBuildFile; fileRef = E90EE3DA2BF0006400C800DE /* User.swift */; };
		E90EE3DD2BF001EF00C800DE /* Wallet.swift in Sources */ = {isa = PBXBuildFile; fileRef = E90EE3DC2BF001EF00C800DE /* Wallet.swift */; };
		E99610082BF056F300CF280B /* LoginView.swift in Sources */ = {isa = PBXBuildFile; fileRef = E99610072BF056F300CF280B /* LoginView.swift */; };
		E996100A2BF05BC800CF280B /* InputView.swift in Sources */ = {isa = PBXBuildFile; fileRef = E99610092BF05BC800CF280B /* InputView.swift */; };
		E996100C2BF05F5700CF280B /* RegisterView.swift in Sources */ = {isa = PBXBuildFile; fileRef = E996100B2BF05F5700CF280B /* RegisterView.swift */; };
		E99610102BF0670D00CF280B /* .gitignore in Resources */ = {isa = PBXBuildFile; fileRef = E996100F2BF0670C00CF280B /* .gitignore */; };
		E99610132BF0683A00CF280B /* FirebaseAnalytics in Frameworks */ = {isa = PBXBuildFile; productRef = E99610122BF0683A00CF280B /* FirebaseAnalytics */; };
		E99610152BF0683A00CF280B /* FirebaseAnalyticsOnDeviceConversion in Frameworks */ = {isa = PBXBuildFile; productRef = E99610142BF0683A00CF280B /* FirebaseAnalyticsOnDeviceConversion */; };
		E99610172BF0683A00CF280B /* FirebaseAnalyticsSwift in Frameworks */ = {isa = PBXBuildFile; productRef = E99610162BF0683A00CF280B /* FirebaseAnalyticsSwift */; };
		E99610192BF0683A00CF280B /* FirebaseAnalyticsWithoutAdIdSupport in Frameworks */ = {isa = PBXBuildFile; productRef = E99610182BF0683A00CF280B /* FirebaseAnalyticsWithoutAdIdSupport */; };
		E996101B2BF0683A00CF280B /* FirebaseAppCheck in Frameworks */ = {isa = PBXBuildFile; productRef = E996101A2BF0683A00CF280B /* FirebaseAppCheck */; };
		E996101D2BF0683A00CF280B /* FirebaseAppDistribution-Beta in Frameworks */ = {isa = PBXBuildFile; productRef = E996101C2BF0683A00CF280B /* FirebaseAppDistribution-Beta */; };
		E996101F2BF0683A00CF280B /* FirebaseAuth in Frameworks */ = {isa = PBXBuildFile; productRef = E996101E2BF0683A00CF280B /* FirebaseAuth */; };
		E99610212BF0683A00CF280B /* FirebaseAuthCombine-Community in Frameworks */ = {isa = PBXBuildFile; productRef = E99610202BF0683A00CF280B /* FirebaseAuthCombine-Community */; };
		E99610232BF0683A00CF280B /* FirebaseCrashlytics in Frameworks */ = {isa = PBXBuildFile; productRef = E99610222BF0683A00CF280B /* FirebaseCrashlytics */; };
		E99610252BF0683A00CF280B /* FirebaseDatabase in Frameworks */ = {isa = PBXBuildFile; productRef = E99610242BF0683A00CF280B /* FirebaseDatabase */; };
		E99610272BF0683A00CF280B /* FirebaseDatabaseSwift in Frameworks */ = {isa = PBXBuildFile; productRef = E99610262BF0683A00CF280B /* FirebaseDatabaseSwift */; };
		E99610292BF0683A00CF280B /* FirebaseDynamicLinks in Frameworks */ = {isa = PBXBuildFile; productRef = E99610282BF0683A00CF280B /* FirebaseDynamicLinks */; };
		E996102B2BF0683A00CF280B /* FirebaseFirestore in Frameworks */ = {isa = PBXBuildFile; productRef = E996102A2BF0683A00CF280B /* FirebaseFirestore */; };
		E996102D2BF0683A00CF280B /* FirebaseFirestoreCombine-Community in Frameworks */ = {isa = PBXBuildFile; productRef = E996102C2BF0683A00CF280B /* FirebaseFirestoreCombine-Community */; };
		E996102F2BF0683A00CF280B /* FirebaseFirestoreSwift in Frameworks */ = {isa = PBXBuildFile; productRef = E996102E2BF0683A00CF280B /* FirebaseFirestoreSwift */; };
		E99610312BF0683A00CF280B /* FirebaseFunctions in Frameworks */ = {isa = PBXBuildFile; productRef = E99610302BF0683A00CF280B /* FirebaseFunctions */; };
		E99610332BF0683A00CF280B /* FirebaseFunctionsCombine-Community in Frameworks */ = {isa = PBXBuildFile; productRef = E99610322BF0683A00CF280B /* FirebaseFunctionsCombine-Community */; };
		E99610352BF0683A00CF280B /* FirebaseInAppMessaging-Beta in Frameworks */ = {isa = PBXBuildFile; productRef = E99610342BF0683A00CF280B /* FirebaseInAppMessaging-Beta */; };
		E99610372BF0683A00CF280B /* FirebaseInAppMessagingSwift-Beta in Frameworks */ = {isa = PBXBuildFile; productRef = E99610362BF0683A00CF280B /* FirebaseInAppMessagingSwift-Beta */; };
		E99610392BF0683A00CF280B /* FirebaseInstallations in Frameworks */ = {isa = PBXBuildFile; productRef = E99610382BF0683A00CF280B /* FirebaseInstallations */; };
		E996103B2BF0683A00CF280B /* FirebaseMLModelDownloader in Frameworks */ = {isa = PBXBuildFile; productRef = E996103A2BF0683A00CF280B /* FirebaseMLModelDownloader */; };
		E996103D2BF0683A00CF280B /* FirebaseMessaging in Frameworks */ = {isa = PBXBuildFile; productRef = E996103C2BF0683A00CF280B /* FirebaseMessaging */; };
		E996103F2BF0683A00CF280B /* FirebasePerformance in Frameworks */ = {isa = PBXBuildFile; productRef = E996103E2BF0683A00CF280B /* FirebasePerformance */; };
		E99610412BF0683A00CF280B /* FirebaseRemoteConfig in Frameworks */ = {isa = PBXBuildFile; productRef = E99610402BF0683A00CF280B /* FirebaseRemoteConfig */; };
		E99610432BF0683A00CF280B /* FirebaseRemoteConfigSwift in Frameworks */ = {isa = PBXBuildFile; productRef = E99610422BF0683A00CF280B /* FirebaseRemoteConfigSwift */; };
		E99610452BF0683A00CF280B /* FirebaseStorage in Frameworks */ = {isa = PBXBuildFile; productRef = E99610442BF0683A00CF280B /* FirebaseStorage */; };
		E99610472BF0683A00CF280B /* FirebaseStorageCombine-Community in Frameworks */ = {isa = PBXBuildFile; productRef = E99610462BF0683A00CF280B /* FirebaseStorageCombine-Community */; };
		E99610492BF0689200CF280B /* ViewModel.swift in Sources */ = {isa = PBXBuildFile; fileRef = E99610482BF0689200CF280B /* ViewModel.swift */; };
		E996104D2BF06CB100CF280B /* GoogleService-Info.plist in Resources */ = {isa = PBXBuildFile; fileRef = E996104C2BF06CB100CF280B /* GoogleService-Info.plist */; };
		E9A176752BF0D76F0088162E /* AccountManageView.swift in Sources */ = {isa = PBXBuildFile; fileRef = E9A176742BF0D76F0088162E /* AccountManageView.swift */; };
		E9B3CBD32BF0BF390098B581 /* AccountsView.swift in Sources */ = {isa = PBXBuildFile; fileRef = E9B3CBD22BF0BF390098B581 /* AccountsView.swift */; };
/* End PBXBuildFile section */

/* Begin PBXFileReference section */
		E90EE3902BECD0BE00C800DE /* SimpleWallet.app */ = {isa = PBXFileReference; explicitFileType = wrapper.application; includeInIndex = 0; path = SimpleWallet.app; sourceTree = BUILT_PRODUCTS_DIR; };
		E90EE3932BECD0BE00C800DE /* SimpleWalletApp.swift */ = {isa = PBXFileReference; lastKnownFileType = sourcecode.swift; path = SimpleWalletApp.swift; sourceTree = "<group>"; };
		E90EE3952BECD0BE00C800DE /* ContentView.swift */ = {isa = PBXFileReference; lastKnownFileType = sourcecode.swift; path = ContentView.swift; sourceTree = "<group>"; };
		E90EE3972BECD0C200C800DE /* Assets.xcassets */ = {isa = PBXFileReference; lastKnownFileType = folder.assetcatalog; path = Assets.xcassets; sourceTree = "<group>"; };
		E90EE39A2BECD0C200C800DE /* Preview Assets.xcassets */ = {isa = PBXFileReference; lastKnownFileType = folder.assetcatalog; path = "Preview Assets.xcassets"; sourceTree = "<group>"; };
		E90EE3A52BECD1E600C800DE /* IntroScreen.swift */ = {isa = PBXFileReference; lastKnownFileType = sourcecode.swift; path = IntroScreen.swift; sourceTree = "<group>"; };
		E90EE3A82BECD3A000C800DE /* Constants.swift */ = {isa = PBXFileReference; lastKnownFileType = sourcecode.swift; path = Constants.swift; sourceTree = "<group>"; };
		E90EE3AA2BECD86C00C800DE /* Tab.swift */ = {isa = PBXFileReference; lastKnownFileType = sourcecode.swift; path = Tab.swift; sourceTree = "<group>"; };
		E90EE3AC2BECF94B00C800DE /* Category.swift */ = {isa = PBXFileReference; lastKnownFileType = sourcecode.swift; path = Category.swift; sourceTree = "<group>"; };
		E90EE3AE2BECF98000C800DE /* Transaction.swift */ = {isa = PBXFileReference; lastKnownFileType = sourcecode.swift; path = Transaction.swift; sourceTree = "<group>"; };
		E90EE3B02BECF9FF00C800DE /* TintColor.swift */ = {isa = PBXFileReference; lastKnownFileType = sourcecode.swift; path = TintColor.swift; sourceTree = "<group>"; };
		E90EE3B32BECFBF500C800DE /* Home.swift */ = {isa = PBXFileReference; lastKnownFileType = sourcecode.swift; path = Home.swift; sourceTree = "<group>"; };
		E90EE3B52BECFC0100C800DE /* Transactions.swift */ = {isa = PBXFileReference; lastKnownFileType = sourcecode.swift; path = Transactions.swift; sourceTree = "<group>"; };
		E90EE3B82BECFC0F00C800DE /* Budgets.swift */ = {isa = PBXFileReference; lastKnownFileType = sourcecode.swift; path = Budgets.swift; sourceTree = "<group>"; };
		E90EE3BB2BECFC1E00C800DE /* Settings.swift */ = {isa = PBXFileReference; lastKnownFileType = sourcecode.swift; path = Settings.swift; sourceTree = "<group>"; };
		E90EE3BD2BED003A00C800DE /* View+Extensions.swift */ = {isa = PBXFileReference; lastKnownFileType = sourcecode.swift; path = "View+Extensions.swift"; sourceTree = "<group>"; };
		E90EE3BF2BED179400C800DE /* Date+Extensions.swift */ = {isa = PBXFileReference; lastKnownFileType = sourcecode.swift; path = "Date+Extensions.swift"; sourceTree = "<group>"; };
		E90EE3C22BED19B500C800DE /* CardView.swift */ = {isa = PBXFileReference; lastKnownFileType = sourcecode.swift; path = CardView.swift; sourceTree = "<group>"; };
		E90EE3CE2BEF535400C800DE /* TransactionCardView.swift */ = {isa = PBXFileReference; lastKnownFileType = sourcecode.swift; path = TransactionCardView.swift; sourceTree = "<group>"; };
		E90EE3D12BEF684A00C800DE /* SwipeAction.swift */ = {isa = PBXFileReference; lastKnownFileType = sourcecode.swift; path = SwipeAction.swift; sourceTree = "<group>"; };
		E90EE3D62BEFD0E200C800DE /* NewTransactionView.swift */ = {isa = PBXFileReference; lastKnownFileType = sourcecode.swift; path = NewTransactionView.swift; sourceTree = "<group>"; };
		E90EE3D82BEFF4CC00C800DE /* FilterTransactionView.swift */ = {isa = PBXFileReference; lastKnownFileType = sourcecode.swift; path = FilterTransactionView.swift; sourceTree = "<group>"; };
		E90EE3DA2BF0006400C800DE /* User.swift */ = {isa = PBXFileReference; lastKnownFileType = sourcecode.swift; path = User.swift; sourceTree = "<group>"; };
		E90EE3DC2BF001EF00C800DE /* Wallet.swift */ = {isa = PBXFileReference; lastKnownFileType = sourcecode.swift; path = Wallet.swift; sourceTree = "<group>"; };
		E99610072BF056F300CF280B /* LoginView.swift */ = {isa = PBXFileReference; lastKnownFileType = sourcecode.swift; path = LoginView.swift; sourceTree = "<group>"; };
		E99610092BF05BC800CF280B /* InputView.swift */ = {isa = PBXFileReference; lastKnownFileType = sourcecode.swift; path = InputView.swift; sourceTree = "<group>"; };
		E996100B2BF05F5700CF280B /* RegisterView.swift */ = {isa = PBXFileReference; lastKnownFileType = sourcecode.swift; path = RegisterView.swift; sourceTree = "<group>"; };
		E996100F2BF0670C00CF280B /* .gitignore */ = {isa = PBXFileReference; lastKnownFileType = text; path = .gitignore; sourceTree = "<group>"; };
		E99610482BF0689200CF280B /* ViewModel.swift */ = {isa = PBXFileReference; lastKnownFileType = sourcecode.swift; path = ViewModel.swift; sourceTree = "<group>"; };
		E996104C2BF06CB100CF280B /* GoogleService-Info.plist */ = {isa = PBXFileReference; fileEncoding = 4; lastKnownFileType = text.plist.xml; name = "GoogleService-Info.plist"; path = "SimpleWallet/GoogleService-Info.plist"; sourceTree = "<group>"; };
		E9A176742BF0D76F0088162E /* AccountManageView.swift */ = {isa = PBXFileReference; lastKnownFileType = sourcecode.swift; path = AccountManageView.swift; sourceTree = "<group>"; };
		E9B3CBD22BF0BF390098B581 /* AccountsView.swift */ = {isa = PBXFileReference; lastKnownFileType = sourcecode.swift; path = AccountsView.swift; sourceTree = "<group>"; };
/* End PBXFileReference section */

/* Begin PBXFrameworksBuildPhase section */
		E90EE38D2BECD0BE00C800DE /* Frameworks */ = {
			isa = PBXFrameworksBuildPhase;
			buildActionMask = 2147483647;
			files = (
				E99610252BF0683A00CF280B /* FirebaseDatabase in Frameworks */,
				E99610332BF0683A00CF280B /* FirebaseFunctionsCombine-Community in Frameworks */,
				E996102B2BF0683A00CF280B /* FirebaseFirestore in Frameworks */,
				E99610172BF0683A00CF280B /* FirebaseAnalyticsSwift in Frameworks */,
				E99610132BF0683A00CF280B /* FirebaseAnalytics in Frameworks */,
				E99610152BF0683A00CF280B /* FirebaseAnalyticsOnDeviceConversion in Frameworks */,
				E996103B2BF0683A00CF280B /* FirebaseMLModelDownloader in Frameworks */,
				E996102F2BF0683A00CF280B /* FirebaseFirestoreSwift in Frameworks */,
				E996101B2BF0683A00CF280B /* FirebaseAppCheck in Frameworks */,
				E99610192BF0683A00CF280B /* FirebaseAnalyticsWithoutAdIdSupport in Frameworks */,
				E996101F2BF0683A00CF280B /* FirebaseAuth in Frameworks */,
				E99610232BF0683A00CF280B /* FirebaseCrashlytics in Frameworks */,
				E99610432BF0683A00CF280B /* FirebaseRemoteConfigSwift in Frameworks */,
				E99610352BF0683A00CF280B /* FirebaseInAppMessaging-Beta in Frameworks */,
				E99610272BF0683A00CF280B /* FirebaseDatabaseSwift in Frameworks */,
				E99610312BF0683A00CF280B /* FirebaseFunctions in Frameworks */,
				E99610472BF0683A00CF280B /* FirebaseStorageCombine-Community in Frameworks */,
				E99610412BF0683A00CF280B /* FirebaseRemoteConfig in Frameworks */,
				E996101D2BF0683A00CF280B /* FirebaseAppDistribution-Beta in Frameworks */,
				E99610212BF0683A00CF280B /* FirebaseAuthCombine-Community in Frameworks */,
				E996103F2BF0683A00CF280B /* FirebasePerformance in Frameworks */,
				E99610372BF0683A00CF280B /* FirebaseInAppMessagingSwift-Beta in Frameworks */,
				E99610452BF0683A00CF280B /* FirebaseStorage in Frameworks */,
				E99610292BF0683A00CF280B /* FirebaseDynamicLinks in Frameworks */,
				E996102D2BF0683A00CF280B /* FirebaseFirestoreCombine-Community in Frameworks */,
				E996103D2BF0683A00CF280B /* FirebaseMessaging in Frameworks */,
				E99610392BF0683A00CF280B /* FirebaseInstallations in Frameworks */,
			);
			runOnlyForDeploymentPostprocessing = 0;
		};
/* End PBXFrameworksBuildPhase section */

/* Begin PBXGroup section */
		E90EE3872BECD0BE00C800DE = {
			isa = PBXGroup;
			children = (
				E996104C2BF06CB100CF280B /* GoogleService-Info.plist */,
				E996100F2BF0670C00CF280B /* .gitignore */,
				E90EE3922BECD0BE00C800DE /* SimpleWallet */,
				E90EE3912BECD0BE00C800DE /* Products */,
			);
			sourceTree = "<group>";
		};
		E90EE3912BECD0BE00C800DE /* Products */ = {
			isa = PBXGroup;
			children = (
				E90EE3902BECD0BE00C800DE /* SimpleWallet.app */,
			);
			name = Products;
			sourceTree = "<group>";
		};
		E90EE3922BECD0BE00C800DE /* SimpleWallet */ = {
			isa = PBXGroup;
			children = (
				E90EE3C42BED3ED200C800DE /* Icons */,
				E90EE3A72BECD38300C800DE /* Utils */,
				E90EE3A22BECD17900C800DE /* Model */,
				E90EE3A12BECD17000C800DE /* View */,
				E90EE3932BECD0BE00C800DE /* SimpleWalletApp.swift */,
				E90EE3952BECD0BE00C800DE /* ContentView.swift */,
				E90EE3972BECD0C200C800DE /* Assets.xcassets */,
				E90EE3992BECD0C200C800DE /* Preview Content */,
			);
			path = SimpleWallet;
			sourceTree = "<group>";
		};
		E90EE3992BECD0C200C800DE /* Preview Content */ = {
			isa = PBXGroup;
			children = (
				E90EE39A2BECD0C200C800DE /* Preview Assets.xcassets */,
			);
			path = "Preview Content";
			sourceTree = "<group>";
		};
		E90EE3A12BECD17000C800DE /* View */ = {
			isa = PBXGroup;
			children = (
				E90EE3D52BEFD0D300C800DE /* Pages */,
				E90EE3CB2BED475C00C800DE /* Components */,
				E90EE3C12BED19A900C800DE /* Utils */,
				E90EE3B22BECFBDD00C800DE /* TabViews */,
				E90EE3A52BECD1E600C800DE /* IntroScreen.swift */,
			);
			path = View;
			sourceTree = "<group>";
		};
		E90EE3A22BECD17900C800DE /* Model */ = {
			isa = PBXGroup;
			children = (
				E90EE3E42BF003F400C800DE /* Wallet */,
				E90EE3AA2BECD86C00C800DE /* Tab.swift */,
				E90EE3AC2BECF94B00C800DE /* Category.swift */,
				E90EE3AE2BECF98000C800DE /* Transaction.swift */,
				E90EE3B02BECF9FF00C800DE /* TintColor.swift */,
				E90EE3DA2BF0006400C800DE /* User.swift */,
				E99610482BF0689200CF280B /* ViewModel.swift */,
			);
			path = Model;
			sourceTree = "<group>";
		};
		E90EE3A72BECD38300C800DE /* Utils */ = {
			isa = PBXGroup;
			children = (
				E90EE3A82BECD3A000C800DE /* Constants.swift */,
				E90EE3BD2BED003A00C800DE /* View+Extensions.swift */,
				E90EE3BF2BED179400C800DE /* Date+Extensions.swift */,
			);
			path = Utils;
			sourceTree = "<group>";
		};
		E90EE3B22BECFBDD00C800DE /* TabViews */ = {
			isa = PBXGroup;
			children = (
				E90EE3D32BEFCAE200C800DE /* Settings */,
				E90EE3B32BECFBF500C800DE /* Home.swift */,
				E90EE3B52BECFC0100C800DE /* Transactions.swift */,
				E90EE3B82BECFC0F00C800DE /* Budgets.swift */,
				E90EE3BB2BECFC1E00C800DE /* Settings.swift */,
			);
			path = TabViews;
			sourceTree = "<group>";
		};
		E90EE3C12BED19A900C800DE /* Utils */ = {
			isa = PBXGroup;
			children = (
				E90EE3C22BED19B500C800DE /* CardView.swift */,
				E90EE3CE2BEF535400C800DE /* TransactionCardView.swift */,
				E90EE3D12BEF684A00C800DE /* SwipeAction.swift */,
			);
			path = Utils;
			sourceTree = "<group>";
		};
		E90EE3C42BED3ED200C800DE /* Icons */ = {
			isa = PBXGroup;
			children = (
			);
			path = Icons;
			sourceTree = "<group>";
		};
		E90EE3CB2BED475C00C800DE /* Components */ = {
			isa = PBXGroup;
			children = (
				E99610092BF05BC800CF280B /* InputView.swift */,
			);
			path = Components;
			sourceTree = "<group>";
		};
		E90EE3D32BEFCAE200C800DE /* Settings */ = {
			isa = PBXGroup;
			children = (
				E99610072BF056F300CF280B /* LoginView.swift */,
				E996100B2BF05F5700CF280B /* RegisterView.swift */,
				E9B3CBD22BF0BF390098B581 /* AccountsView.swift */,
				E9A176742BF0D76F0088162E /* AccountManageView.swift */,
			);
			path = Settings;
			sourceTree = "<group>";
		};
		E90EE3D52BEFD0D300C800DE /* Pages */ = {
			isa = PBXGroup;
			children = (
				E90EE3D62BEFD0E200C800DE /* NewTransactionView.swift */,
				E90EE3D82BEFF4CC00C800DE /* FilterTransactionView.swift */,
			);
			path = Pages;
			sourceTree = "<group>";
		};
		E90EE3E42BF003F400C800DE /* Wallet */ = {
			isa = PBXGroup;
			children = (
				E90EE3DC2BF001EF00C800DE /* Wallet.swift */,
			);
			path = Wallet;
			sourceTree = "<group>";
		};
/* End PBXGroup section */

/* Begin PBXNativeTarget section */
		E90EE38F2BECD0BE00C800DE /* SimpleWallet */ = {
			isa = PBXNativeTarget;
			buildConfigurationList = E90EE39E2BECD0C200C800DE /* Build configuration list for PBXNativeTarget "SimpleWallet" */;
			buildPhases = (
				E90EE38C2BECD0BE00C800DE /* Sources */,
				E90EE38D2BECD0BE00C800DE /* Frameworks */,
				E90EE38E2BECD0BE00C800DE /* Resources */,
			);
			buildRules = (
			);
			dependencies = (
			);
			name = SimpleWallet;
			packageProductDependencies = (
				E99610122BF0683A00CF280B /* FirebaseAnalytics */,
				E99610142BF0683A00CF280B /* FirebaseAnalyticsOnDeviceConversion */,
				E99610162BF0683A00CF280B /* FirebaseAnalyticsSwift */,
				E99610182BF0683A00CF280B /* FirebaseAnalyticsWithoutAdIdSupport */,
				E996101A2BF0683A00CF280B /* FirebaseAppCheck */,
				E996101C2BF0683A00CF280B /* FirebaseAppDistribution-Beta */,
				E996101E2BF0683A00CF280B /* FirebaseAuth */,
				E99610202BF0683A00CF280B /* FirebaseAuthCombine-Community */,
				E99610222BF0683A00CF280B /* FirebaseCrashlytics */,
				E99610242BF0683A00CF280B /* FirebaseDatabase */,
				E99610262BF0683A00CF280B /* FirebaseDatabaseSwift */,
				E99610282BF0683A00CF280B /* FirebaseDynamicLinks */,
				E996102A2BF0683A00CF280B /* FirebaseFirestore */,
				E996102C2BF0683A00CF280B /* FirebaseFirestoreCombine-Community */,
				E996102E2BF0683A00CF280B /* FirebaseFirestoreSwift */,
				E99610302BF0683A00CF280B /* FirebaseFunctions */,
				E99610322BF0683A00CF280B /* FirebaseFunctionsCombine-Community */,
				E99610342BF0683A00CF280B /* FirebaseInAppMessaging-Beta */,
				E99610362BF0683A00CF280B /* FirebaseInAppMessagingSwift-Beta */,
				E99610382BF0683A00CF280B /* FirebaseInstallations */,
				E996103A2BF0683A00CF280B /* FirebaseMLModelDownloader */,
				E996103C2BF0683A00CF280B /* FirebaseMessaging */,
				E996103E2BF0683A00CF280B /* FirebasePerformance */,
				E99610402BF0683A00CF280B /* FirebaseRemoteConfig */,
				E99610422BF0683A00CF280B /* FirebaseRemoteConfigSwift */,
				E99610442BF0683A00CF280B /* FirebaseStorage */,
				E99610462BF0683A00CF280B /* FirebaseStorageCombine-Community */,
			);
			productName = SimpleWallet;
			productReference = E90EE3902BECD0BE00C800DE /* SimpleWallet.app */;
			productType = "com.apple.product-type.application";
		};
/* End PBXNativeTarget section */

/* Begin PBXProject section */
		E90EE3882BECD0BE00C800DE /* Project object */ = {
			isa = PBXProject;
			attributes = {
				BuildIndependentTargetsInParallel = 1;
				LastSwiftUpdateCheck = 1500;
				LastUpgradeCheck = 1500;
				TargetAttributes = {
					E90EE38F2BECD0BE00C800DE = {
						CreatedOnToolsVersion = 15.0;
					};
				};
			};
			buildConfigurationList = E90EE38B2BECD0BE00C800DE /* Build configuration list for PBXProject "SimpleWallet" */;
			compatibilityVersion = "Xcode 14.0";
			developmentRegion = en;
			hasScannedForEncodings = 0;
			knownRegions = (
				en,
				Base,
			);
			mainGroup = E90EE3872BECD0BE00C800DE;
			packageReferences = (
				E99610112BF0683900CF280B /* XCRemoteSwiftPackageReference "firebase-ios-sdk" */,
			);
			productRefGroup = E90EE3912BECD0BE00C800DE /* Products */;
			projectDirPath = "";
			projectRoot = "";
			targets = (
				E90EE38F2BECD0BE00C800DE /* SimpleWallet */,
			);
		};
/* End PBXProject section */

/* Begin PBXResourcesBuildPhase section */
		E90EE38E2BECD0BE00C800DE /* Resources */ = {
			isa = PBXResourcesBuildPhase;
			buildActionMask = 2147483647;
			files = (
				E99610102BF0670D00CF280B /* .gitignore in Resources */,
				E996104D2BF06CB100CF280B /* GoogleService-Info.plist in Resources */,
				E90EE39B2BECD0C200C800DE /* Preview Assets.xcassets in Resources */,
				E90EE3982BECD0C200C800DE /* Assets.xcassets in Resources */,
			);
			runOnlyForDeploymentPostprocessing = 0;
		};
/* End PBXResourcesBuildPhase section */

/* Begin PBXSourcesBuildPhase section */
		E90EE38C2BECD0BE00C800DE /* Sources */ = {
			isa = PBXSourcesBuildPhase;
			buildActionMask = 2147483647;
			files = (
				E90EE3B62BECFC0100C800DE /* Transactions.swift in Sources */,
				E90EE3B12BECF9FF00C800DE /* TintColor.swift in Sources */,
				E90EE3D92BEFF4CC00C800DE /* FilterTransactionView.swift in Sources */,
				E996100A2BF05BC800CF280B /* InputView.swift in Sources */,
				E90EE3AF2BECF98000C800DE /* Transaction.swift in Sources */,
				E9B3CBD32BF0BF390098B581 /* AccountsView.swift in Sources */,
				E90EE3B92BECFC0F00C800DE /* Budgets.swift in Sources */,
				E90EE3DB2BF0006400C800DE /* User.swift in Sources */,
				E90EE3C32BED19B500C800DE /* CardView.swift in Sources */,
				E90EE3D22BEF684A00C800DE /* SwipeAction.swift in Sources */,
				E99610082BF056F300CF280B /* LoginView.swift in Sources */,
				E90EE3D72BEFD0E200C800DE /* NewTransactionView.swift in Sources */,
				E90EE3962BECD0BE00C800DE /* ContentView.swift in Sources */,
				E90EE3A62BECD1E600C800DE /* IntroScreen.swift in Sources */,
				E90EE3BC2BECFC1E00C800DE /* Settings.swift in Sources */,
				E90EE3B42BECFBF500C800DE /* Home.swift in Sources */,
				E90EE3AB2BECD86C00C800DE /* Tab.swift in Sources */,
				E90EE3C02BED179400C800DE /* Date+Extensions.swift in Sources */,
				E9A176752BF0D76F0088162E /* AccountManageView.swift in Sources */,
				E90EE3DD2BF001EF00C800DE /* Wallet.swift in Sources */,
				E90EE3BE2BED003A00C800DE /* View+Extensions.swift in Sources */,
				E90EE3942BECD0BE00C800DE /* SimpleWalletApp.swift in Sources */,
				E99610492BF0689200CF280B /* ViewModel.swift in Sources */,
				E90EE3A92BECD3A000C800DE /* Constants.swift in Sources */,
				E996100C2BF05F5700CF280B /* RegisterView.swift in Sources */,
				E90EE3AD2BECF94B00C800DE /* Category.swift in Sources */,
				E90EE3CF2BEF535400C800DE /* TransactionCardView.swift in Sources */,
			);
			runOnlyForDeploymentPostprocessing = 0;
		};
/* End PBXSourcesBuildPhase section */

/* Begin XCBuildConfiguration section */
		E90EE39C2BECD0C200C800DE /* Debug */ = {
			isa = XCBuildConfiguration;
			buildSettings = {
				ALWAYS_SEARCH_USER_PATHS = NO;
				ASSETCATALOG_COMPILER_GENERATE_SWIFT_ASSET_SYMBOL_EXTENSIONS = YES;
				CLANG_ANALYZER_NONNULL = YES;
				CLANG_ANALYZER_NUMBER_OBJECT_CONVERSION = YES_AGGRESSIVE;
				CLANG_CXX_LANGUAGE_STANDARD = "gnu++20";
				CLANG_ENABLE_MODULES = YES;
				CLANG_ENABLE_OBJC_ARC = YES;
				CLANG_ENABLE_OBJC_WEAK = YES;
				CLANG_WARN_BLOCK_CAPTURE_AUTORELEASING = YES;
				CLANG_WARN_BOOL_CONVERSION = YES;
				CLANG_WARN_COMMA = YES;
				CLANG_WARN_CONSTANT_CONVERSION = YES;
				CLANG_WARN_DEPRECATED_OBJC_IMPLEMENTATIONS = YES;
				CLANG_WARN_DIRECT_OBJC_ISA_USAGE = YES_ERROR;
				CLANG_WARN_DOCUMENTATION_COMMENTS = YES;
				CLANG_WARN_EMPTY_BODY = YES;
				CLANG_WARN_ENUM_CONVERSION = YES;
				CLANG_WARN_INFINITE_RECURSION = YES;
				CLANG_WARN_INT_CONVERSION = YES;
				CLANG_WARN_NON_LITERAL_NULL_CONVERSION = YES;
				CLANG_WARN_OBJC_IMPLICIT_RETAIN_SELF = YES;
				CLANG_WARN_OBJC_LITERAL_CONVERSION = YES;
				CLANG_WARN_OBJC_ROOT_CLASS = YES_ERROR;
				CLANG_WARN_QUOTED_INCLUDE_IN_FRAMEWORK_HEADER = YES;
				CLANG_WARN_RANGE_LOOP_ANALYSIS = YES;
				CLANG_WARN_STRICT_PROTOTYPES = YES;
				CLANG_WARN_SUSPICIOUS_MOVE = YES;
				CLANG_WARN_UNGUARDED_AVAILABILITY = YES_AGGRESSIVE;
				CLANG_WARN_UNREACHABLE_CODE = YES;
				CLANG_WARN__DUPLICATE_METHOD_MATCH = YES;
				COPY_PHASE_STRIP = NO;
				DEBUG_INFORMATION_FORMAT = dwarf;
				ENABLE_STRICT_OBJC_MSGSEND = YES;
				ENABLE_TESTABILITY = YES;
				ENABLE_USER_SCRIPT_SANDBOXING = YES;
				GCC_C_LANGUAGE_STANDARD = gnu17;
				GCC_DYNAMIC_NO_PIC = NO;
				GCC_NO_COMMON_BLOCKS = YES;
				GCC_OPTIMIZATION_LEVEL = 0;
				GCC_PREPROCESSOR_DEFINITIONS = (
					"DEBUG=1",
					"$(inherited)",
				);
				GCC_WARN_64_TO_32_BIT_CONVERSION = YES;
				GCC_WARN_ABOUT_RETURN_TYPE = YES_ERROR;
				GCC_WARN_UNDECLARED_SELECTOR = YES;
				GCC_WARN_UNINITIALIZED_AUTOS = YES_AGGRESSIVE;
				GCC_WARN_UNUSED_FUNCTION = YES;
				GCC_WARN_UNUSED_VARIABLE = YES;
				IPHONEOS_DEPLOYMENT_TARGET = 17.0;
				LOCALIZATION_PREFERS_STRING_CATALOGS = YES;
				MTL_ENABLE_DEBUG_INFO = INCLUDE_SOURCE;
				MTL_FAST_MATH = YES;
				ONLY_ACTIVE_ARCH = YES;
				SDKROOT = iphoneos;
				SWIFT_ACTIVE_COMPILATION_CONDITIONS = "DEBUG $(inherited)";
				SWIFT_OPTIMIZATION_LEVEL = "-Onone";
			};
			name = Debug;
		};
		E90EE39D2BECD0C200C800DE /* Release */ = {
			isa = XCBuildConfiguration;
			buildSettings = {
				ALWAYS_SEARCH_USER_PATHS = NO;
				ASSETCATALOG_COMPILER_GENERATE_SWIFT_ASSET_SYMBOL_EXTENSIONS = YES;
				CLANG_ANALYZER_NONNULL = YES;
				CLANG_ANALYZER_NUMBER_OBJECT_CONVERSION = YES_AGGRESSIVE;
				CLANG_CXX_LANGUAGE_STANDARD = "gnu++20";
				CLANG_ENABLE_MODULES = YES;
				CLANG_ENABLE_OBJC_ARC = YES;
				CLANG_ENABLE_OBJC_WEAK = YES;
				CLANG_WARN_BLOCK_CAPTURE_AUTORELEASING = YES;
				CLANG_WARN_BOOL_CONVERSION = YES;
				CLANG_WARN_COMMA = YES;
				CLANG_WARN_CONSTANT_CONVERSION = YES;
				CLANG_WARN_DEPRECATED_OBJC_IMPLEMENTATIONS = YES;
				CLANG_WARN_DIRECT_OBJC_ISA_USAGE = YES_ERROR;
				CLANG_WARN_DOCUMENTATION_COMMENTS = YES;
				CLANG_WARN_EMPTY_BODY = YES;
				CLANG_WARN_ENUM_CONVERSION = YES;
				CLANG_WARN_INFINITE_RECURSION = YES;
				CLANG_WARN_INT_CONVERSION = YES;
				CLANG_WARN_NON_LITERAL_NULL_CONVERSION = YES;
				CLANG_WARN_OBJC_IMPLICIT_RETAIN_SELF = YES;
				CLANG_WARN_OBJC_LITERAL_CONVERSION = YES;
				CLANG_WARN_OBJC_ROOT_CLASS = YES_ERROR;
				CLANG_WARN_QUOTED_INCLUDE_IN_FRAMEWORK_HEADER = YES;
				CLANG_WARN_RANGE_LOOP_ANALYSIS = YES;
				CLANG_WARN_STRICT_PROTOTYPES = YES;
				CLANG_WARN_SUSPICIOUS_MOVE = YES;
				CLANG_WARN_UNGUARDED_AVAILABILITY = YES_AGGRESSIVE;
				CLANG_WARN_UNREACHABLE_CODE = YES;
				CLANG_WARN__DUPLICATE_METHOD_MATCH = YES;
				COPY_PHASE_STRIP = NO;
				DEBUG_INFORMATION_FORMAT = "dwarf-with-dsym";
				ENABLE_NS_ASSERTIONS = NO;
				ENABLE_STRICT_OBJC_MSGSEND = YES;
				ENABLE_USER_SCRIPT_SANDBOXING = YES;
				GCC_C_LANGUAGE_STANDARD = gnu17;
				GCC_NO_COMMON_BLOCKS = YES;
				GCC_WARN_64_TO_32_BIT_CONVERSION = YES;
				GCC_WARN_ABOUT_RETURN_TYPE = YES_ERROR;
				GCC_WARN_UNDECLARED_SELECTOR = YES;
				GCC_WARN_UNINITIALIZED_AUTOS = YES_AGGRESSIVE;
				GCC_WARN_UNUSED_FUNCTION = YES;
				GCC_WARN_UNUSED_VARIABLE = YES;
				IPHONEOS_DEPLOYMENT_TARGET = 17.0;
				LOCALIZATION_PREFERS_STRING_CATALOGS = YES;
				MTL_ENABLE_DEBUG_INFO = NO;
				MTL_FAST_MATH = YES;
				SDKROOT = iphoneos;
				SWIFT_COMPILATION_MODE = wholemodule;
				VALIDATE_PRODUCT = YES;
			};
			name = Release;
		};
		E90EE39F2BECD0C200C800DE /* Debug */ = {
			isa = XCBuildConfiguration;
			buildSettings = {
				ASSETCATALOG_COMPILER_APPICON_NAME = AppIcon;
				ASSETCATALOG_COMPILER_GLOBAL_ACCENT_COLOR_NAME = AccentColor;
				CODE_SIGN_IDENTITY = "Apple Development";
				CODE_SIGN_STYLE = Automatic;
				CURRENT_PROJECT_VERSION = 1;
				DEVELOPMENT_ASSET_PATHS = "\"SimpleWallet/Preview Content\"";
				DEVELOPMENT_TEAM = 5DRDW8777T;
				ENABLE_PREVIEWS = YES;
				GENERATE_INFOPLIST_FILE = YES;
				INFOPLIST_KEY_UIApplicationSceneManifest_Generation = YES;
				INFOPLIST_KEY_UIApplicationSupportsIndirectInputEvents = YES;
				INFOPLIST_KEY_UILaunchScreen_Generation = YES;
				INFOPLIST_KEY_UISupportedInterfaceOrientations = UIInterfaceOrientationPortrait;
				INFOPLIST_KEY_UISupportedInterfaceOrientations_iPad = "UIInterfaceOrientationLandscapeLeft UIInterfaceOrientationLandscapeRight UIInterfaceOrientationPortrait UIInterfaceOrientationPortraitUpsideDown";
				IPHONEOS_DEPLOYMENT_TARGET = 17.0;
				LD_RUNPATH_SEARCH_PATHS = (
					"$(inherited)",
					"@executable_path/Frameworks",
				);
				MARKETING_VERSION = 1.0;
				PRODUCT_BUNDLE_IDENTIFIER = dev.tawanb.SimpleWallet;
				PRODUCT_NAME = "$(TARGET_NAME)";
				PROVISIONING_PROFILE_SPECIFIER = "";
				SWIFT_EMIT_LOC_STRINGS = YES;
				SWIFT_VERSION = 5.0;
				TARGETED_DEVICE_FAMILY = "1,2";
			};
			name = Debug;
		};
		E90EE3A02BECD0C200C800DE /* Release */ = {
			isa = XCBuildConfiguration;
			buildSettings = {
				ASSETCATALOG_COMPILER_APPICON_NAME = AppIcon;
				ASSETCATALOG_COMPILER_GLOBAL_ACCENT_COLOR_NAME = AccentColor;
				CODE_SIGN_IDENTITY = "Apple Development";
				CODE_SIGN_STYLE = Automatic;
				CURRENT_PROJECT_VERSION = 1;
				DEVELOPMENT_ASSET_PATHS = "\"SimpleWallet/Preview Content\"";
				DEVELOPMENT_TEAM = 5DRDW8777T;
				ENABLE_PREVIEWS = YES;
				GENERATE_INFOPLIST_FILE = YES;
				INFOPLIST_KEY_UIApplicationSceneManifest_Generation = YES;
				INFOPLIST_KEY_UIApplicationSupportsIndirectInputEvents = YES;
				INFOPLIST_KEY_UILaunchScreen_Generation = YES;
				INFOPLIST_KEY_UISupportedInterfaceOrientations = UIInterfaceOrientationPortrait;
				INFOPLIST_KEY_UISupportedInterfaceOrientations_iPad = "UIInterfaceOrientationLandscapeLeft UIInterfaceOrientationLandscapeRight UIInterfaceOrientationPortrait UIInterfaceOrientationPortraitUpsideDown";
				IPHONEOS_DEPLOYMENT_TARGET = 17.0;
				LD_RUNPATH_SEARCH_PATHS = (
					"$(inherited)",
					"@executable_path/Frameworks",
				);
				MARKETING_VERSION = 1.0;
				PRODUCT_BUNDLE_IDENTIFIER = dev.tawanb.SimpleWallet;
				PRODUCT_NAME = "$(TARGET_NAME)";
				PROVISIONING_PROFILE_SPECIFIER = "";
				SWIFT_EMIT_LOC_STRINGS = YES;
				SWIFT_VERSION = 5.0;
				TARGETED_DEVICE_FAMILY = "1,2";
			};
			name = Release;
		};
/* End XCBuildConfiguration section */

/* Begin XCConfigurationList section */
		E90EE38B2BECD0BE00C800DE /* Build configuration list for PBXProject "SimpleWallet" */ = {
			isa = XCConfigurationList;
			buildConfigurations = (
				E90EE39C2BECD0C200C800DE /* Debug */,
				E90EE39D2BECD0C200C800DE /* Release */,
			);
			defaultConfigurationIsVisible = 0;
			defaultConfigurationName = Release;
		};
		E90EE39E2BECD0C200C800DE /* Build configuration list for PBXNativeTarget "SimpleWallet" */ = {
			isa = XCConfigurationList;
			buildConfigurations = (
				E90EE39F2BECD0C200C800DE /* Debug */,
				E90EE3A02BECD0C200C800DE /* Release */,
			);
			defaultConfigurationIsVisible = 0;
			defaultConfigurationName = Release;
		};
/* End XCConfigurationList section */

/* Begin XCRemoteSwiftPackageReference section */
		E99610112BF0683900CF280B /* XCRemoteSwiftPackageReference "firebase-ios-sdk" */ = {
			isa = XCRemoteSwiftPackageReference;
			repositoryURL = "https://github.com/firebase/firebase-ios-sdk";
			requirement = {
				kind = upToNextMajorVersion;
				minimumVersion = 10.25.0;
			};
		};
/* End XCRemoteSwiftPackageReference section */

/* Begin XCSwiftPackageProductDependency section */
		E99610122BF0683A00CF280B /* FirebaseAnalytics */ = {
			isa = XCSwiftPackageProductDependency;
			package = E99610112BF0683900CF280B /* XCRemoteSwiftPackageReference "firebase-ios-sdk" */;
			productName = FirebaseAnalytics;
		};
		E99610142BF0683A00CF280B /* FirebaseAnalyticsOnDeviceConversion */ = {
			isa = XCSwiftPackageProductDependency;
			package = E99610112BF0683900CF280B /* XCRemoteSwiftPackageReference "firebase-ios-sdk" */;
			productName = FirebaseAnalyticsOnDeviceConversion;
		};
		E99610162BF0683A00CF280B /* FirebaseAnalyticsSwift */ = {
			isa = XCSwiftPackageProductDependency;
			package = E99610112BF0683900CF280B /* XCRemoteSwiftPackageReference "firebase-ios-sdk" */;
			productName = FirebaseAnalyticsSwift;
		};
		E99610182BF0683A00CF280B /* FirebaseAnalyticsWithoutAdIdSupport */ = {
			isa = XCSwiftPackageProductDependency;
			package = E99610112BF0683900CF280B /* XCRemoteSwiftPackageReference "firebase-ios-sdk" */;
			productName = FirebaseAnalyticsWithoutAdIdSupport;
		};
		E996101A2BF0683A00CF280B /* FirebaseAppCheck */ = {
			isa = XCSwiftPackageProductDependency;
			package = E99610112BF0683900CF280B /* XCRemoteSwiftPackageReference "firebase-ios-sdk" */;
			productName = FirebaseAppCheck;
		};
		E996101C2BF0683A00CF280B /* FirebaseAppDistribution-Beta */ = {
			isa = XCSwiftPackageProductDependency;
			package = E99610112BF0683900CF280B /* XCRemoteSwiftPackageReference "firebase-ios-sdk" */;
			productName = "FirebaseAppDistribution-Beta";
		};
		E996101E2BF0683A00CF280B /* FirebaseAuth */ = {
			isa = XCSwiftPackageProductDependency;
			package = E99610112BF0683900CF280B /* XCRemoteSwiftPackageReference "firebase-ios-sdk" */;
			productName = FirebaseAuth;
		};
		E99610202BF0683A00CF280B /* FirebaseAuthCombine-Community */ = {
			isa = XCSwiftPackageProductDependency;
			package = E99610112BF0683900CF280B /* XCRemoteSwiftPackageReference "firebase-ios-sdk" */;
			productName = "FirebaseAuthCombine-Community";
		};
		E99610222BF0683A00CF280B /* FirebaseCrashlytics */ = {
			isa = XCSwiftPackageProductDependency;
			package = E99610112BF0683900CF280B /* XCRemoteSwiftPackageReference "firebase-ios-sdk" */;
			productName = FirebaseCrashlytics;
		};
		E99610242BF0683A00CF280B /* FirebaseDatabase */ = {
			isa = XCSwiftPackageProductDependency;
			package = E99610112BF0683900CF280B /* XCRemoteSwiftPackageReference "firebase-ios-sdk" */;
			productName = FirebaseDatabase;
		};
		E99610262BF0683A00CF280B /* FirebaseDatabaseSwift */ = {
			isa = XCSwiftPackageProductDependency;
			package = E99610112BF0683900CF280B /* XCRemoteSwiftPackageReference "firebase-ios-sdk" */;
			productName = FirebaseDatabaseSwift;
		};
		E99610282BF0683A00CF280B /* FirebaseDynamicLinks */ = {
			isa = XCSwiftPackageProductDependency;
			package = E99610112BF0683900CF280B /* XCRemoteSwiftPackageReference "firebase-ios-sdk" */;
			productName = FirebaseDynamicLinks;
		};
		E996102A2BF0683A00CF280B /* FirebaseFirestore */ = {
			isa = XCSwiftPackageProductDependency;
			package = E99610112BF0683900CF280B /* XCRemoteSwiftPackageReference "firebase-ios-sdk" */;
			productName = FirebaseFirestore;
		};
		E996102C2BF0683A00CF280B /* FirebaseFirestoreCombine-Community */ = {
			isa = XCSwiftPackageProductDependency;
			package = E99610112BF0683900CF280B /* XCRemoteSwiftPackageReference "firebase-ios-sdk" */;
			productName = "FirebaseFirestoreCombine-Community";
		};
		E996102E2BF0683A00CF280B /* FirebaseFirestoreSwift */ = {
			isa = XCSwiftPackageProductDependency;
			package = E99610112BF0683900CF280B /* XCRemoteSwiftPackageReference "firebase-ios-sdk" */;
			productName = FirebaseFirestoreSwift;
		};
		E99610302BF0683A00CF280B /* FirebaseFunctions */ = {
			isa = XCSwiftPackageProductDependency;
			package = E99610112BF0683900CF280B /* XCRemoteSwiftPackageReference "firebase-ios-sdk" */;
			productName = FirebaseFunctions;
		};
		E99610322BF0683A00CF280B /* FirebaseFunctionsCombine-Community */ = {
			isa = XCSwiftPackageProductDependency;
			package = E99610112BF0683900CF280B /* XCRemoteSwiftPackageReference "firebase-ios-sdk" */;
			productName = "FirebaseFunctionsCombine-Community";
		};
		E99610342BF0683A00CF280B /* FirebaseInAppMessaging-Beta */ = {
			isa = XCSwiftPackageProductDependency;
			package = E99610112BF0683900CF280B /* XCRemoteSwiftPackageReference "firebase-ios-sdk" */;
			productName = "FirebaseInAppMessaging-Beta";
		};
		E99610362BF0683A00CF280B /* FirebaseInAppMessagingSwift-Beta */ = {
			isa = XCSwiftPackageProductDependency;
			package = E99610112BF0683900CF280B /* XCRemoteSwiftPackageReference "firebase-ios-sdk" */;
			productName = "FirebaseInAppMessagingSwift-Beta";
		};
		E99610382BF0683A00CF280B /* FirebaseInstallations */ = {
			isa = XCSwiftPackageProductDependency;
			package = E99610112BF0683900CF280B /* XCRemoteSwiftPackageReference "firebase-ios-sdk" */;
			productName = FirebaseInstallations;
		};
		E996103A2BF0683A00CF280B /* FirebaseMLModelDownloader */ = {
			isa = XCSwiftPackageProductDependency;
			package = E99610112BF0683900CF280B /* XCRemoteSwiftPackageReference "firebase-ios-sdk" */;
			productName = FirebaseMLModelDownloader;
		};
		E996103C2BF0683A00CF280B /* FirebaseMessaging */ = {
			isa = XCSwiftPackageProductDependency;
			package = E99610112BF0683900CF280B /* XCRemoteSwiftPackageReference "firebase-ios-sdk" */;
			productName = FirebaseMessaging;
		};
		E996103E2BF0683A00CF280B /* FirebasePerformance */ = {
			isa = XCSwiftPackageProductDependency;
			package = E99610112BF0683900CF280B /* XCRemoteSwiftPackageReference "firebase-ios-sdk" */;
			productName = FirebasePerformance;
		};
		E99610402BF0683A00CF280B /* FirebaseRemoteConfig */ = {
			isa = XCSwiftPackageProductDependency;
			package = E99610112BF0683900CF280B /* XCRemoteSwiftPackageReference "firebase-ios-sdk" */;
			productName = FirebaseRemoteConfig;
		};
		E99610422BF0683A00CF280B /* FirebaseRemoteConfigSwift */ = {
			isa = XCSwiftPackageProductDependency;
			package = E99610112BF0683900CF280B /* XCRemoteSwiftPackageReference "firebase-ios-sdk" */;
			productName = FirebaseRemoteConfigSwift;
		};
		E99610442BF0683A00CF280B /* FirebaseStorage */ = {
			isa = XCSwiftPackageProductDependency;
			package = E99610112BF0683900CF280B /* XCRemoteSwiftPackageReference "firebase-ios-sdk" */;
			productName = FirebaseStorage;
		};
		E99610462BF0683A00CF280B /* FirebaseStorageCombine-Community */ = {
			isa = XCSwiftPackageProductDependency;
			package = E99610112BF0683900CF280B /* XCRemoteSwiftPackageReference "firebase-ios-sdk" */;
			productName = "FirebaseStorageCombine-Community";
		};
/* End XCSwiftPackageProductDependency section */
	};
	rootObject = E90EE3882BECD0BE00C800DE /* Project object */;
}
